
Microsoft Visual Studio Solution File, Format Version 12.00
# Visual Studio Version 16
VisualStudioVersion = 16.0.30128.74
MinimumVisualStudioVersion = 10.0.40219.1
Project("{FAE04EC0-301F-11D3-BF4B-00C04F79EFBC}") = "websitesracing", "websitesracing\websitesracing.csproj", "{F6A29B15-1440-437C-8094-B6F781DCB58F}"
EndProject
Global
	GlobalSection(SolutionConfigurationPlatforms) = preSolution
		Debug|Any CPU = Debug|Any CPU
		Release|Any CPU = Release|Any CPU
	EndGlobalSection
	GlobalSection(ProjectConfigurationPlatforms) = postSolution
		{F6A29B15-1440-437C-8094-B6F781DCB58F}.Debug|Any CPU.ActiveCfg = Debug|Any CPU
		{F6A29B15-1440-437C-8094-B6F781DCB58F}.Debug|Any CPU.Build.0 = Debug|Any CPU
		{F6A29B15-1440-437C-8094-B6F781DCB58F}.Release|Any CPU.ActiveCfg = Release|Any CPU
		{F6A29B15-1440-437C-8094-B6F781DCB58F}.Release|Any CPU.Build.0 = Release|Any CPU
	EndGlobalSection
	GlobalSection(SolutionProperties) = preSolution
		HideSolutionNode = FALSE
	EndGlobalSection
	GlobalSection(ExtensibilityGlobals) = postSolution
		SolutionGuid = {8293E0AC-E26D-426D-B754-510377E43553}
	EndGlobalSection
EndGlobal
